// !$*UTF8*$!
{
	archiveVersion = 1;
	classes = {
	};
	objectVersion = 46;
	objects = {

/* Begin PBXBuildFile section */
		920282071D4763AF00C5C2AE /* AppDelegate.swift in Sources */ = {isa = PBXBuildFile; fileRef = 920282061D4763AF00C5C2AE /* AppDelegate.swift */; };
		9202820C1D4763AF00C5C2AE /* Main.storyboard in Resources */ = {isa = PBXBuildFile; fileRef = 9202820A1D4763AF00C5C2AE /* Main.storyboard */; };
		9202820E1D4763AF00C5C2AE /* Assets.xcassets in Resources */ = {isa = PBXBuildFile; fileRef = 9202820D1D4763AF00C5C2AE /* Assets.xcassets */; };
		920282111D4763AF00C5C2AE /* LaunchScreen.storyboard in Resources */ = {isa = PBXBuildFile; fileRef = 9202820F1D4763AF00C5C2AE /* LaunchScreen.storyboard */; };
		920282191D4763F800C5C2AE /* libalg.a in Frameworks */ = {isa = PBXBuildFile; fileRef = 920282181D4763F800C5C2AE /* libalg.a */; };
		9202821F1D4769A200C5C2AE /* MainController.swift in Sources */ = {isa = PBXBuildFile; fileRef = 9202821E1D4769A200C5C2AE /* MainController.swift */; };
		920282211D476CFF00C5C2AE /* MD5Controller.swift in Sources */ = {isa = PBXBuildFile; fileRef = 920282201D476CFF00C5C2AE /* MD5Controller.swift */; };
		92294F381D48A07E00124ABB /* RSASSAController.swift in Sources */ = {isa = PBXBuildFile; fileRef = 92294F371D48A07E00124ABB /* RSASSAController.swift */; };
		92D82E871D4790FB00124D8B /* strings.swift in Sources */ = {isa = PBXBuildFile; fileRef = 92D82E861D4790FB00124D8B /* strings.swift */; };
		92D82E891D4792E200124D8B /* SHA1Controller.swift in Sources */ = {isa = PBXBuildFile; fileRef = 92D82E881D4792E200124D8B /* SHA1Controller.swift */; };
		92D82E8B1D47958300124D8B /* LMDController.swift in Sources */ = {isa = PBXBuildFile; fileRef = 92D82E8A1D47958300124D8B /* LMDController.swift */; };
		92D82E8D1D47963700124D8B /* ELFController.swift in Sources */ = {isa = PBXBuildFile; fileRef = 92D82E8C1D47963700124D8B /* ELFController.swift */; };
		92D82E8F1D47997800124D8B /* BASE64Controller.swift in Sources */ = {isa = PBXBuildFile; fileRef = 92D82E8E1D47997800124D8B /* BASE64Controller.swift */; };
		92D82E911D479E9000124D8B /* AESController.swift in Sources */ = {isa = PBXBuildFile; fileRef = 92D82E901D479E9000124D8B /* AESController.swift */; };
		92F3C0751D487F7F00EDEECF /* RSAController.swift in Sources */ = {isa = PBXBuildFile; fileRef = 92F3C0741D487F7F00EDEECF /* RSAController.swift */; };
		92F3C0771D4892FB00EDEECF /* RDLController.swift in Sources */ = {isa = PBXBuildFile; fileRef = 92F3C0761D4892FB00EDEECF /* RDLController.swift */; };
		92F3C0791D489BCB00EDEECF /* DSAController.swift in Sources */ = {isa = PBXBuildFile; fileRef = 92F3C0781D489BCB00EDEECF /* DSAController.swift */; };
/* End PBXBuildFile section */

/* Begin PBXFileReference section */
		920282031D4763AF00C5C2AE /* AlgSample.app */ = {isa = PBXFileReference; explicitFileType = wrapper.application; includeInIndex = 0; path = AlgSample.app; sourceTree = BUILT_PRODUCTS_DIR; };
		920282061D4763AF00C5C2AE /* AppDelegate.swift */ = {isa = PBXFileReference; lastKnownFileType = sourcecode.swift; path = AppDelegate.swift; sourceTree = "<group>"; };
		9202820B1D4763AF00C5C2AE /* Base */ = {isa = PBXFileReference; lastKnownFileType = file.storyboard; name = Base; path = Base.lproj/Main.storyboard; sourceTree = "<group>"; };
		9202820D1D4763AF00C5C2AE /* Assets.xcassets */ = {isa = PBXFileReference; lastKnownFileType = folder.assetcatalog; path = Assets.xcassets; sourceTree = "<group>"; };
		920282101D4763AF00C5C2AE /* Base */ = {isa = PBXFileReference; lastKnownFileType = file.storyboard; name = Base; path = Base.lproj/LaunchScreen.storyboard; sourceTree = "<group>"; };
		920282121D4763AF00C5C2AE /* Info.plist */ = {isa = PBXFileReference; lastKnownFileType = text.plist.xml; path = Info.plist; sourceTree = "<group>"; };
		920282181D4763F800C5C2AE /* libalg.a */ = {isa = PBXFileReference; lastKnownFileType = archive.ar; path = libalg.a; sourceTree = "<group>"; };
		9202821A1D47643300C5C2AE /* AlgSample-Bridging-Header.h */ = {isa = PBXFileReference; lastKnownFileType = sourcecode.c.h; path = "AlgSample-Bridging-Header.h"; sourceTree = "<group>"; };
		9202821B1D47643300C5C2AE /* NativeAlgorithm.h */ = {isa = PBXFileReference; fileEncoding = 4; lastKnownFileType = sourcecode.c.h; path = NativeAlgorithm.h; sourceTree = "<group>"; };
		9202821E1D4769A200C5C2AE /* MainController.swift */ = {isa = PBXFileReference; fileEncoding = 4; lastKnownFileType = sourcecode.swift; path = MainController.swift; sourceTree = "<group>"; };
		920282201D476CFF00C5C2AE /* MD5Controller.swift */ = {isa = PBXFileReference; fileEncoding = 4; lastKnownFileType = sourcecode.swift; path = MD5Controller.swift; sourceTree = "<group>"; };
		92294F371D48A07E00124ABB /* RSASSAController.swift */ = {isa = PBXFileReference; fileEncoding = 4; lastKnownFileType = sourcecode.swift; path = RSASSAController.swift; sourceTree = "<group>"; };
		92D82E861D4790FB00124D8B /* strings.swift */ = {isa = PBXFileReference; fileEncoding = 4; lastKnownFileType = sourcecode.swift; path = strings.swift; sourceTree = "<group>"; };
		92D82E881D4792E200124D8B /* SHA1Controller.swift */ = {isa = PBXFileReference; fileEncoding = 4; lastKnownFileType = sourcecode.swift; path = SHA1Controller.swift; sourceTree = "<group>"; };
		92D82E8A1D47958300124D8B /* LMDController.swift */ = {isa = PBXFileReference; fileEncoding = 4; lastKnownFileType = sourcecode.swift; path = LMDController.swift; sourceTree = "<group>"; };
		92D82E8C1D47963700124D8B /* ELFController.swift */ = {isa = PBXFileReference; fileEncoding = 4; lastKnownFileType = sourcecode.swift; path = ELFController.swift; sourceTree = "<group>"; };
		92D82E8E1D47997800124D8B /* BASE64Controller.swift */ = {isa = PBXFileReference; fileEncoding = 4; lastKnownFileType = sourcecode.swift; path = BASE64Controller.swift; sourceTree = "<group>"; };
		92D82E901D479E9000124D8B /* AESController.swift */ = {isa = PBXFileReference; fileEncoding = 4; lastKnownFileType = sourcecode.swift; path = AESController.swift; sourceTree = "<group>"; };
		92F3C0741D487F7F00EDEECF /* RSAController.swift */ = {isa = PBXFileReference; fileEncoding = 4; lastKnownFileType = sourcecode.swift; path = RSAController.swift; sourceTree = "<group>"; };
		92F3C0761D4892FB00EDEECF /* RDLController.swift */ = {isa = PBXFileReference; fileEncoding = 4; lastKnownFileType = sourcecode.swift; path = RDLController.swift; sourceTree = "<group>"; };
		92F3C0781D489BCB00EDEECF /* DSAController.swift */ = {isa = PBXFileReference; fileEncoding = 4; lastKnownFileType = sourcecode.swift; path = DSAController.swift; sourceTree = "<group>"; };
/* End PBXFileReference section */

/* Begin PBXFrameworksBuildPhase section */
		920282001D4763AF00C5C2AE /* Frameworks */ = {
			isa = PBXFrameworksBuildPhase;
			buildActionMask = 2147483647;
			files = (
				920282191D4763F800C5C2AE /* libalg.a in Frameworks */,
			);
			runOnlyForDeploymentPostprocessing = 0;
		};
/* End PBXFrameworksBuildPhase section */

/* Begin PBXGroup section */
		920281FA1D4763AF00C5C2AE = {
			isa = PBXGroup;
			children = (
				920282051D4763AF00C5C2AE /* AlgSample */,
				920282041D4763AF00C5C2AE /* Products */,
			);
			sourceTree = "<group>";
		};
		920282041D4763AF00C5C2AE /* Products */ = {
			isa = PBXGroup;
			children = (
				920282031D4763AF00C5C2AE /* AlgSample.app */,
			);
			name = Products;
			sourceTree = "<group>";
		};
		920282051D4763AF00C5C2AE /* AlgSample */ = {
			isa = PBXGroup;
			children = (
				920282181D4763F800C5C2AE /* libalg.a */,
				920282061D4763AF00C5C2AE /* AppDelegate.swift */,
				9202820A1D4763AF00C5C2AE /* Main.storyboard */,
				9202820D1D4763AF00C5C2AE /* Assets.xcassets */,
				9202820F1D4763AF00C5C2AE /* LaunchScreen.storyboard */,
				920282121D4763AF00C5C2AE /* Info.plist */,
				9202821B1D47643300C5C2AE /* NativeAlgorithm.h */,
				9202821A1D47643300C5C2AE /* AlgSample-Bridging-Header.h */,
				9202821E1D4769A200C5C2AE /* MainController.swift */,
				920282201D476CFF00C5C2AE /* MD5Controller.swift */,
				92D82E861D4790FB00124D8B /* strings.swift */,
				92D82E881D4792E200124D8B /* SHA1Controller.swift */,
				92D82E8A1D47958300124D8B /* LMDController.swift */,
				92D82E8C1D47963700124D8B /* ELFController.swift */,
				92D82E8E1D47997800124D8B /* BASE64Controller.swift */,
				92D82E901D479E9000124D8B /* AESController.swift */,
				92F3C0741D487F7F00EDEECF /* RSAController.swift */,
				92F3C0761D4892FB00EDEECF /* RDLController.swift */,
				92F3C0781D489BCB00EDEECF /* DSAController.swift */,
				92294F371D48A07E00124ABB /* RSASSAController.swift */,
			);
			path = AlgSample;
			sourceTree = "<group>";
		};
/* End PBXGroup section */

/* Begin PBXNativeTarget section */
		920282021D4763AF00C5C2AE /* AlgSample */ = {
			isa = PBXNativeTarget;
			buildConfigurationList = 920282151D4763AF00C5C2AE /* Build configuration list for PBXNativeTarget "AlgSample" */;
			buildPhases = (
				920281FF1D4763AF00C5C2AE /* Sources */,
				920282001D4763AF00C5C2AE /* Frameworks */,
				920282011D4763AF00C5C2AE /* Resources */,
			);
			buildRules = (
			);
			dependencies = (
			);
			name = AlgSample;
			productName = AlgSample;
			productReference = 920282031D4763AF00C5C2AE /* AlgSample.app */;
			productType = "com.apple.product-type.application";
		};
/* End PBXNativeTarget section */

/* Begin PBXProject section */
		920281FB1D4763AF00C5C2AE /* Project object */ = {
			isa = PBXProject;
			attributes = {
				LastSwiftUpdateCheck = 0800;
				LastUpgradeCheck = 0810;
				ORGANIZATIONNAME = rarnu;
				TargetAttributes = {
					920282021D4763AF00C5C2AE = {
						CreatedOnToolsVersion = 8.0;
						DevelopmentTeam = 3FE32G8ECZ;
						DevelopmentTeamName = "xiaojie He (Personal Team)";
						LastSwiftMigration = 0800;
						ProvisioningStyle = Automatic;
					};
				};
			};
			buildConfigurationList = 920281FE1D4763AF00C5C2AE /* Build configuration list for PBXProject "AlgSample" */;
			compatibilityVersion = "Xcode 3.2";
			developmentRegion = English;
			hasScannedForEncodings = 0;
			knownRegions = (
				en,
				Base,
			);
			mainGroup = 920281FA1D4763AF00C5C2AE;
			productRefGroup = 920282041D4763AF00C5C2AE /* Products */;
			projectDirPath = "";
			projectRoot = "";
			targets = (
				920282021D4763AF00C5C2AE /* AlgSample */,
			);
		};
/* End PBXProject section */

/* Begin PBXResourcesBuildPhase section */
		920282011D4763AF00C5C2AE /* Resources */ = {
			isa = PBXResourcesBuildPhase;
			buildActionMask = 2147483647;
			files = (
				920282111D4763AF00C5C2AE /* LaunchScreen.storyboard in Resources */,
				9202820E1D4763AF00C5C2AE /* Assets.xcassets in Resources */,
				9202820C1D4763AF00C5C2AE /* Main.storyboard in Resources */,
			);
			runOnlyForDeploymentPostprocessing = 0;
		};
/* End PBXResourcesBuildPhase section */

/* Begin PBXSourcesBuildPhase section */
		920281FF1D4763AF00C5C2AE /* Sources */ = {
			isa = PBXSourcesBuildPhase;
			buildActionMask = 2147483647;
			files = (
				92D82E911D479E9000124D8B /* AESController.swift in Sources */,
				9202821F1D4769A200C5C2AE /* MainController.swift in Sources */,
				92F3C0751D487F7F00EDEECF /* RSAController.swift in Sources */,
				92D82E8B1D47958300124D8B /* LMDController.swift in Sources */,
				92D82E8F1D47997800124D8B /* BASE64Controller.swift in Sources */,
				92D82E891D4792E200124D8B /* SHA1Controller.swift in Sources */,
				92F3C0791D489BCB00EDEECF /* DSAController.swift in Sources */,
				920282211D476CFF00C5C2AE /* MD5Controller.swift in Sources */,
				92F3C0771D4892FB00EDEECF /* RDLController.swift in Sources */,
				92D82E8D1D47963700124D8B /* ELFController.swift in Sources */,
				92D82E871D4790FB00124D8B /* strings.swift in Sources */,
				92294F381D48A07E00124ABB /* RSASSAController.swift in Sources */,
				920282071D4763AF00C5C2AE /* AppDelegate.swift in Sources */,
			);
			runOnlyForDeploymentPostprocessing = 0;
		};
/* End PBXSourcesBuildPhase section */

/* Begin PBXVariantGroup section */
		9202820A1D4763AF00C5C2AE /* Main.storyboard */ = {
			isa = PBXVariantGroup;
			children = (
				9202820B1D4763AF00C5C2AE /* Base */,
			);
			name = Main.storyboard;
			sourceTree = "<group>";
		};
		9202820F1D4763AF00C5C2AE /* LaunchScreen.storyboard */ = {
			isa = PBXVariantGroup;
			children = (
				920282101D4763AF00C5C2AE /* Base */,
			);
			name = LaunchScreen.storyboard;
			sourceTree = "<group>";
		};
/* End PBXVariantGroup section */

/* Begin XCBuildConfiguration section */
		920282131D4763AF00C5C2AE /* Debug */ = {
			isa = XCBuildConfiguration;
			buildSettings = {
				ALWAYS_SEARCH_USER_PATHS = NO;
				CLANG_ANALYZER_NONNULL = YES;
				CLANG_CXX_LANGUAGE_STANDARD = "gnu++0x";
				CLANG_CXX_LIBRARY = "libc++";
				CLANG_ENABLE_MODULES = YES;
				CLANG_ENABLE_OBJC_ARC = YES;
				CLANG_WARN_BOOL_CONVERSION = YES;
				CLANG_WARN_CONSTANT_CONVERSION = YES;
				CLANG_WARN_DIRECT_OBJC_ISA_USAGE = YES_ERROR;
				CLANG_WARN_DOCUMENTATION_COMMENTS = YES;
				CLANG_WARN_EMPTY_BODY = YES;
				CLANG_WARN_ENUM_CONVERSION = YES;
				CLANG_WARN_INFINITE_RECURSION = YES;
				CLANG_WARN_INT_CONVERSION = YES;
				CLANG_WARN_OBJC_ROOT_CLASS = YES_ERROR;
				CLANG_WARN_SUSPICIOUS_MOVE = YES;
				CLANG_WARN_UNREACHABLE_CODE = YES;
				CLANG_WARN__DUPLICATE_METHOD_MATCH = YES;
				"CODE_SIGN_IDENTITY[sdk=iphoneos*]" = "iPhone Developer";
				COPY_PHASE_STRIP = NO;
				DEBUG_INFORMATION_FORMAT = dwarf;
				ENABLE_STRICT_OBJC_MSGSEND = YES;
				ENABLE_TESTABILITY = YES;
				GCC_C_LANGUAGE_STANDARD = gnu99;
				GCC_DYNAMIC_NO_PIC = NO;
				GCC_NO_COMMON_BLOCKS = YES;
				GCC_OPTIMIZATION_LEVEL = 0;
				GCC_PREPROCESSOR_DEFINITIONS = (
					"DEBUG=1",
					"$(inherited)",
				);
				GCC_WARN_64_TO_32_BIT_CONVERSION = YES;
				GCC_WARN_ABOUT_RETURN_TYPE = YES_ERROR;
				GCC_WARN_UNDECLARED_SELECTOR = YES;
				GCC_WARN_UNINITIALIZED_AUTOS = YES_AGGRESSIVE;
				GCC_WARN_UNUSED_FUNCTION = YES;
				GCC_WARN_UNUSED_VARIABLE = YES;
				IPHONEOS_DEPLOYMENT_TARGET = 10.0;
				MTL_ENABLE_DEBUG_INFO = YES;
				ONLY_ACTIVE_ARCH = YES;
				SDKROOT = iphoneos;
				SWIFT_ACTIVE_COMPILATION_CONDITIONS = DEBUG;
				SWIFT_OPTIMIZATION_LEVEL = "-Onone";
				TARGETED_DEVICE_FAMILY = "1,2";
			};
			name = Debug;
		};
		920282141D4763AF00C5C2AE /* Release */ = {
			isa = XCBuildConfiguration;
			buildSettings = {
				ALWAYS_SEARCH_USER_PATHS = NO;
				CLANG_ANALYZER_NONNULL = YES;
				CLANG_CXX_LANGUAGE_STANDARD = "gnu++0x";
				CLANG_CXX_LIBRARY = "libc++";
				CLANG_ENABLE_MODULES = YES;
				CLANG_ENABLE_OBJC_ARC = YES;
				CLANG_WARN_BOOL_CONVERSION = YES;
				CLANG_WARN_CONSTANT_CONVERSION = YES;
				CLANG_WARN_DIRECT_OBJC_ISA_USAGE = YES_ERROR;
				CLANG_WARN_DOCUMENTATION_COMMENTS = YES;
				CLANG_WARN_EMPTY_BODY = YES;
				CLANG_WARN_ENUM_CONVERSION = YES;
				CLANG_WARN_INFINITE_RECURSION = YES;
				CLANG_WARN_INT_CONVERSION = YES;
				CLANG_WARN_OBJC_ROOT_CLASS = YES_ERROR;
				CLANG_WARN_SUSPICIOUS_MOVE = YES;
				CLANG_WARN_UNREACHABLE_CODE = YES;
				CLANG_WARN__DUPLICATE_METHOD_MATCH = YES;
				"CODE_SIGN_IDENTITY[sdk=iphoneos*]" = "iPhone Developer";
				COPY_PHASE_STRIP = NO;
				DEBUG_INFORMATION_FORMAT = "dwarf-with-dsym";
				ENABLE_NS_ASSERTIONS = NO;
				ENABLE_STRICT_OBJC_MSGSEND = YES;
				GCC_C_LANGUAGE_STANDARD = gnu99;
				GCC_NO_COMMON_BLOCKS = YES;
				GCC_WARN_64_TO_32_BIT_CONVERSION = YES;
				GCC_WARN_ABOUT_RETURN_TYPE = YES_ERROR;
				GCC_WARN_UNDECLARED_SELECTOR = YES;
				GCC_WARN_UNINITIALIZED_AUTOS = YES_AGGRESSIVE;
				GCC_WARN_UNUSED_FUNCTION = YES;
				GCC_WARN_UNUSED_VARIABLE = YES;
				IPHONEOS_DEPLOYMENT_TARGET = 10.0;
				MTL_ENABLE_DEBUG_INFO = NO;
				SDKROOT = iphoneos;
				SWIFT_OPTIMIZATION_LEVEL = "-Owholemodule";
				TARGETED_DEVICE_FAMILY = "1,2";
				VALIDATE_PRODUCT = YES;
			};
			name = Release;
		};
		920282161D4763AF00C5C2AE /* Debug */ = {
			isa = XCBuildConfiguration;
			buildSettings = {
				ASSETCATALOG_COMPILER_APPICON_NAME = AppIcon;
				CLANG_ENABLE_MODULES = YES;
				ENABLE_BITCODE = NO;
				INFOPLIST_FILE = AlgSample/Info.plist;
				IPHONEOS_DEPLOYMENT_TARGET = 8.0;
				LD_RUNPATH_SEARCH_PATHS = "$(inherited) @executable_path/Frameworks";
				LIBRARY_SEARCH_PATHS = (
					"$(inherited)",
					"$(PROJECT_DIR)/AlgSample",
				);
				PRODUCT_BUNDLE_IDENTIFIER = com.hujiang.alg.sample.AlgSample.hj;
				PRODUCT_NAME = "$(TARGET_NAME)";
				SWIFT_OBJC_BRIDGING_HEADER = "AlgSample/AlgSample-Bridging-Header.h";
				SWIFT_OPTIMIZATION_LEVEL = "-Onone";
				SWIFT_VERSION = 3.0;
			};
			name = Debug;
		};
		920282171D4763AF00C5C2AE /* Release */ = {
			isa = XCBuildConfiguration;
			buildSettings = {
				ASSETCATALOG_COMPILER_APPICON_NAME = AppIcon;
				CLANG_ENABLE_MODULES = YES;
				ENABLE_BITCODE = NO;
				INFOPLIST_FILE = AlgSample/Info.plist;
				IPHONEOS_DEPLOYMENT_TARGET = 8.0;
				LD_RUNPATH_SEARCH_PATHS = "$(inherited) @executable_path/Frameworks";
				LIBRARY_SEARCH_PATHS = (
					"$(inherited)",
					"$(PROJECT_DIR)/AlgSample",
				);
				PRODUCT_BUNDLE_IDENTIFIER = com.hujiang.alg.sample.AlgSample.hj;
				PRODUCT_NAME = "$(TARGET_NAME)";
				SWIFT_OBJC_BRIDGING_HEADER = "AlgSample/AlgSample-Bridging-Header.h";
				SWIFT_VERSION = 3.0;
			};
			name = Release;
		};
/* End XCBuildConfiguration section */

/* Begin XCConfigurationList section */
		920281FE1D4763AF00C5C2AE /* Build configuration list for PBXProject "AlgSample" */ = {
			isa = XCConfigurationList;
			buildConfigurations = (
				920282131D4763AF00C5C2AE /* Debug */,
				920282141D4763AF00C5C2AE /* Release */,
			);
			defaultConfigurationIsVisible = 0;
			defaultConfigurationName = Release;
		};
		920282151D4763AF00C5C2AE /* Build configuration list for PBXNativeTarget "AlgSample" */ = {
			isa = XCConfigurationList;
			buildConfigurations = (
				920282161D4763AF00C5C2AE /* Debug */,
				920282171D4763AF00C5C2AE /* Release */,
			);
			defaultConfigurationIsVisible = 0;
			defaultConfigurationName = Release;
		};
/* End XCConfigurationList section */
	};
	rootObject = 920281FB1D4763AF00C5C2AE /* Project object */;
}
