// !$*UTF8*$!
{
	archiveVersion = 1;
	classes = {
	};
	objectVersion = 46;
	objects = {

/* Begin PBXBuildFile section */
		925915061D12AF690080FDA8 /* libalg.a in Frameworks */ = {isa = PBXBuildFile; fileRef = 929A3D2F1CFEB2C3008B0942 /* libalg.a */; };
		92AAF1981CF8222700AC5F3D /* AppDelegate.swift in Sources */ = {isa = PBXBuildFile; fileRef = 92AAF1971CF8222700AC5F3D /* AppDelegate.swift */; };
		92AAF19A1CF8222700AC5F3D /* ViewController.swift in Sources */ = {isa = PBXBuildFile; fileRef = 92AAF1991CF8222700AC5F3D /* ViewController.swift */; };
		92AAF19D1CF8222700AC5F3D /* Main.storyboard in Resources */ = {isa = PBXBuildFile; fileRef = 92AAF19B1CF8222700AC5F3D /* Main.storyboard */; };
		92AAF19F1CF8222700AC5F3D /* Assets.xcassets in Resources */ = {isa = PBXBuildFile; fileRef = 92AAF19E1CF8222700AC5F3D /* Assets.xcassets */; };
		92AAF1A21CF8222700AC5F3D /* LaunchScreen.storyboard in Resources */ = {isa = PBXBuildFile; fileRef = 92AAF1A01CF8222700AC5F3D /* LaunchScreen.storyboard */; };
/* End PBXBuildFile section */

/* Begin PBXCopyFilesBuildPhase section */
		92DE199A1CFBE6AA0069B72C /* Embed Frameworks */ = {
			isa = PBXCopyFilesBuildPhase;
			buildActionMask = 2147483647;
			dstPath = "";
			dstSubfolderSpec = 10;
			files = (
			);
			name = "Embed Frameworks";
			runOnlyForDeploymentPostprocessing = 0;
		};
/* End PBXCopyFilesBuildPhase section */

/* Begin PBXFileReference section */
		929A3D2E1CFEB2AD008B0942 /* NativeAlg.h */ = {isa = PBXFileReference; lastKnownFileType = sourcecode.c.h; path = NativeAlg.h; sourceTree = "<group>"; };
		929A3D2F1CFEB2C3008B0942 /* libalg.a */ = {isa = PBXFileReference; lastKnownFileType = archive.ar; path = libalg.a; sourceTree = "<group>"; };
		929A3D311CFEB341008B0942 /* alg-bridge.h */ = {isa = PBXFileReference; lastKnownFileType = sourcecode.c.h; path = "alg-bridge.h"; sourceTree = "<group>"; };
		92AAF1941CF8222700AC5F3D /* alg.app */ = {isa = PBXFileReference; explicitFileType = wrapper.application; includeInIndex = 0; path = alg.app; sourceTree = BUILT_PRODUCTS_DIR; };
		92AAF1971CF8222700AC5F3D /* AppDelegate.swift */ = {isa = PBXFileReference; lastKnownFileType = sourcecode.swift; path = AppDelegate.swift; sourceTree = "<group>"; };
		92AAF1991CF8222700AC5F3D /* ViewController.swift */ = {isa = PBXFileReference; lastKnownFileType = sourcecode.swift; path = ViewController.swift; sourceTree = "<group>"; };
		92AAF19C1CF8222700AC5F3D /* Base */ = {isa = PBXFileReference; lastKnownFileType = file.storyboard; name = Base; path = Base.lproj/Main.storyboard; sourceTree = "<group>"; };
		92AAF19E1CF8222700AC5F3D /* Assets.xcassets */ = {isa = PBXFileReference; lastKnownFileType = folder.assetcatalog; path = Assets.xcassets; sourceTree = "<group>"; };
		92AAF1A11CF8222700AC5F3D /* Base */ = {isa = PBXFileReference; lastKnownFileType = file.storyboard; name = Base; path = Base.lproj/LaunchScreen.storyboard; sourceTree = "<group>"; };
		92AAF1A31CF8222700AC5F3D /* Info.plist */ = {isa = PBXFileReference; lastKnownFileType = text.plist.xml; path = Info.plist; sourceTree = "<group>"; };
/* End PBXFileReference section */

/* Begin PBXFrameworksBuildPhase section */
		92AAF1911CF8222700AC5F3D /* Frameworks */ = {
			isa = PBXFrameworksBuildPhase;
			buildActionMask = 2147483647;
			files = (
				925915061D12AF690080FDA8 /* libalg.a in Frameworks */,
			);
			runOnlyForDeploymentPostprocessing = 0;
		};
/* End PBXFrameworksBuildPhase section */

/* Begin PBXGroup section */
		92AAF18B1CF8222700AC5F3D = {
			isa = PBXGroup;
			children = (
				92AAF1961CF8222700AC5F3D /* alg */,
				92AAF1951CF8222700AC5F3D /* Products */,
			);
			sourceTree = "<group>";
		};
		92AAF1951CF8222700AC5F3D /* Products */ = {
			isa = PBXGroup;
			children = (
				92AAF1941CF8222700AC5F3D /* alg.app */,
			);
			name = Products;
			sourceTree = "<group>";
		};
		92AAF1961CF8222700AC5F3D /* alg */ = {
			isa = PBXGroup;
			children = (
				929A3D2F1CFEB2C3008B0942 /* libalg.a */,
				92AAF1971CF8222700AC5F3D /* AppDelegate.swift */,
				92AAF1991CF8222700AC5F3D /* ViewController.swift */,
				92AAF19B1CF8222700AC5F3D /* Main.storyboard */,
				92AAF19E1CF8222700AC5F3D /* Assets.xcassets */,
				92AAF1A01CF8222700AC5F3D /* LaunchScreen.storyboard */,
				92AAF1A31CF8222700AC5F3D /* Info.plist */,
				929A3D2E1CFEB2AD008B0942 /* NativeAlg.h */,
				929A3D311CFEB341008B0942 /* alg-bridge.h */,
			);
			path = alg;
			sourceTree = "<group>";
		};
/* End PBXGroup section */

/* Begin PBXNativeTarget section */
		92AAF1931CF8222700AC5F3D /* alg */ = {
			isa = PBXNativeTarget;
			buildConfigurationList = 92AAF1A61CF8222700AC5F3D /* Build configuration list for PBXNativeTarget "alg" */;
			buildPhases = (
				92AAF1901CF8222700AC5F3D /* Sources */,
				92AAF1911CF8222700AC5F3D /* Frameworks */,
				92AAF1921CF8222700AC5F3D /* Resources */,
				92DE199A1CFBE6AA0069B72C /* Embed Frameworks */,
			);
			buildRules = (
			);
			dependencies = (
			);
			name = alg;
			productName = alg;
			productReference = 92AAF1941CF8222700AC5F3D /* alg.app */;
			productType = "com.apple.product-type.application";
		};
/* End PBXNativeTarget section */

/* Begin PBXProject section */
		92AAF18C1CF8222700AC5F3D /* Project object */ = {
			isa = PBXProject;
			attributes = {
				LastSwiftUpdateCheck = 0730;
				LastUpgradeCheck = 0730;
				ORGANIZATIONNAME = rarnu;
				TargetAttributes = {
					92AAF1931CF8222700AC5F3D = {
						CreatedOnToolsVersion = 7.3.1;
						DevelopmentTeam = 3FE32G8ECZ;
					};
				};
			};
			buildConfigurationList = 92AAF18F1CF8222700AC5F3D /* Build configuration list for PBXProject "alg" */;
			compatibilityVersion = "Xcode 3.2";
			developmentRegion = English;
			hasScannedForEncodings = 0;
			knownRegions = (
				en,
				Base,
			);
			mainGroup = 92AAF18B1CF8222700AC5F3D;
			productRefGroup = 92AAF1951CF8222700AC5F3D /* Products */;
			projectDirPath = "";
			projectRoot = "";
			targets = (
				92AAF1931CF8222700AC5F3D /* alg */,
			);
		};
/* End PBXProject section */

/* Begin PBXResourcesBuildPhase section */
		92AAF1921CF8222700AC5F3D /* Resources */ = {
			isa = PBXResourcesBuildPhase;
			buildActionMask = 2147483647;
			files = (
				92AAF1A21CF8222700AC5F3D /* LaunchScreen.storyboard in Resources */,
				92AAF19F1CF8222700AC5F3D /* Assets.xcassets in Resources */,
				92AAF19D1CF8222700AC5F3D /* Main.storyboard in Resources */,
			);
			runOnlyForDeploymentPostprocessing = 0;
		};
/* End PBXResourcesBuildPhase section */

/* Begin PBXSourcesBuildPhase section */
		92AAF1901CF8222700AC5F3D /* Sources */ = {
			isa = PBXSourcesBuildPhase;
			buildActionMask = 2147483647;
			files = (
				92AAF19A1CF8222700AC5F3D /* ViewController.swift in Sources */,
				92AAF1981CF8222700AC5F3D /* AppDelegate.swift in Sources */,
			);
			runOnlyForDeploymentPostprocessing = 0;
		};
/* End PBXSourcesBuildPhase section */

/* Begin PBXVariantGroup section */
		92AAF19B1CF8222700AC5F3D /* Main.storyboard */ = {
			isa = PBXVariantGroup;
			children = (
				92AAF19C1CF8222700AC5F3D /* Base */,
			);
			name = Main.storyboard;
			sourceTree = "<group>";
		};
		92AAF1A01CF8222700AC5F3D /* LaunchScreen.storyboard */ = {
			isa = PBXVariantGroup;
			children = (
				92AAF1A11CF8222700AC5F3D /* Base */,
			);
			name = LaunchScreen.storyboard;
			sourceTree = "<group>";
		};
/* End PBXVariantGroup section */

/* Begin XCBuildConfiguration section */
		92AAF1A41CF8222700AC5F3D /* Debug */ = {
			isa = XCBuildConfiguration;
			buildSettings = {
				ALWAYS_SEARCH_USER_PATHS = NO;
				CLANG_ANALYZER_NONNULL = YES;
				CLANG_CXX_LANGUAGE_STANDARD = "gnu++0x";
				CLANG_CXX_LIBRARY = "libc++";
				CLANG_ENABLE_MODULES = YES;
				CLANG_ENABLE_OBJC_ARC = YES;
				CLANG_WARN_BOOL_CONVERSION = YES;
				CLANG_WARN_CONSTANT_CONVERSION = YES;
				CLANG_WARN_DIRECT_OBJC_ISA_USAGE = YES_ERROR;
				CLANG_WARN_EMPTY_BODY = YES;
				CLANG_WARN_ENUM_CONVERSION = YES;
				CLANG_WARN_INT_CONVERSION = YES;
				CLANG_WARN_OBJC_ROOT_CLASS = YES_ERROR;
				CLANG_WARN_UNREACHABLE_CODE = YES;
				CLANG_WARN__DUPLICATE_METHOD_MATCH = YES;
				"CODE_SIGN_IDENTITY[sdk=iphoneos*]" = "iPhone Developer";
				COPY_PHASE_STRIP = NO;
				DEBUG_INFORMATION_FORMAT = dwarf;
				ENABLE_STRICT_OBJC_MSGSEND = YES;
				ENABLE_TESTABILITY = YES;
				GCC_C_LANGUAGE_STANDARD = gnu99;
				GCC_DYNAMIC_NO_PIC = NO;
				GCC_NO_COMMON_BLOCKS = YES;
				GCC_OPTIMIZATION_LEVEL = 0;
				GCC_PREPROCESSOR_DEFINITIONS = (
					"DEBUG=1",
					"$(inherited)",
				);
				GCC_WARN_64_TO_32_BIT_CONVERSION = YES;
				GCC_WARN_ABOUT_RETURN_TYPE = YES_ERROR;
				GCC_WARN_UNDECLARED_SELECTOR = YES;
				GCC_WARN_UNINITIALIZED_AUTOS = YES_AGGRESSIVE;
				GCC_WARN_UNUSED_FUNCTION = YES;
				GCC_WARN_UNUSED_VARIABLE = YES;
				IPHONEOS_DEPLOYMENT_TARGET = 9.3;
				MTL_ENABLE_DEBUG_INFO = YES;
				ONLY_ACTIVE_ARCH = YES;
				SDKROOT = iphoneos;
				SWIFT_OPTIMIZATION_LEVEL = "-Onone";
				TARGETED_DEVICE_FAMILY = "1,2";
			};
			name = Debug;
		};
		92AAF1A51CF8222700AC5F3D /* Release */ = {
			isa = XCBuildConfiguration;
			buildSettings = {
				ALWAYS_SEARCH_USER_PATHS = NO;
				CLANG_ANALYZER_NONNULL = YES;
				CLANG_CXX_LANGUAGE_STANDARD = "gnu++0x";
				CLANG_CXX_LIBRARY = "libc++";
				CLANG_ENABLE_MODULES = YES;
				CLANG_ENABLE_OBJC_ARC = YES;
				CLANG_WARN_BOOL_CONVERSION = YES;
				CLANG_WARN_CONSTANT_CONVERSION = YES;
				CLANG_WARN_DIRECT_OBJC_ISA_USAGE = YES_ERROR;
				CLANG_WARN_EMPTY_BODY = YES;
				CLANG_WARN_ENUM_CONVERSION = YES;
				CLANG_WARN_INT_CONVERSION = YES;
				CLANG_WARN_OBJC_ROOT_CLASS = YES_ERROR;
				CLANG_WARN_UNREACHABLE_CODE = YES;
				CLANG_WARN__DUPLICATE_METHOD_MATCH = YES;
				"CODE_SIGN_IDENTITY[sdk=iphoneos*]" = "iPhone Developer";
				COPY_PHASE_STRIP = NO;
				DEBUG_INFORMATION_FORMAT = "dwarf-with-dsym";
				ENABLE_NS_ASSERTIONS = NO;
				ENABLE_STRICT_OBJC_MSGSEND = YES;
				GCC_C_LANGUAGE_STANDARD = gnu99;
				GCC_NO_COMMON_BLOCKS = YES;
				GCC_WARN_64_TO_32_BIT_CONVERSION = YES;
				GCC_WARN_ABOUT_RETURN_TYPE = YES_ERROR;
				GCC_WARN_UNDECLARED_SELECTOR = YES;
				GCC_WARN_UNINITIALIZED_AUTOS = YES_AGGRESSIVE;
				GCC_WARN_UNUSED_FUNCTION = YES;
				GCC_WARN_UNUSED_VARIABLE = YES;
				IPHONEOS_DEPLOYMENT_TARGET = 9.3;
				MTL_ENABLE_DEBUG_INFO = NO;
				SDKROOT = iphoneos;
				TARGETED_DEVICE_FAMILY = "1,2";
				VALIDATE_PRODUCT = YES;
			};
			name = Release;
		};
		92AAF1A71CF8222700AC5F3D /* Debug */ = {
			isa = XCBuildConfiguration;
			buildSettings = {
				ASSETCATALOG_COMPILER_APPICON_NAME = AppIcon;
				CODE_SIGN_IDENTITY = "iPhone Developer";
				"CODE_SIGN_IDENTITY[sdk=iphoneos*]" = "iPhone Developer";
				ENABLE_BITCODE = NO;
				FRAMEWORK_SEARCH_PATHS = (
					"$(inherited)",
					"$(PROJECT_DIR)/Build/ALG/Build/Products/Debug-iphonesimulator",
				);
				INFOPLIST_FILE = alg/Info.plist;
				IPHONEOS_DEPLOYMENT_TARGET = 9.3;
				LD_RUNPATH_SEARCH_PATHS = "$(inherited) @executable_path/Frameworks";
				LIBRARY_SEARCH_PATHS = (
					"$(inherited)",
					"$(PROJECT_DIR)/alg",
				);
				PRODUCT_BUNDLE_IDENTIFIER = com.hujiang.devart.alg.alg;
				PRODUCT_NAME = "$(TARGET_NAME)";
				PROVISIONING_PROFILE = "";
				SWIFT_OBJC_BRIDGING_HEADER = "alg/alg-bridge.h";
				VALID_ARCHS = arm64;
			};
			name = Debug;
		};
		92AAF1A81CF8222700AC5F3D /* Release */ = {
			isa = XCBuildConfiguration;
			buildSettings = {
				ASSETCATALOG_COMPILER_APPICON_NAME = AppIcon;
				CODE_SIGN_IDENTITY = "iPhone Developer";
				"CODE_SIGN_IDENTITY[sdk=iphoneos*]" = "iPhone Developer";
				ENABLE_BITCODE = NO;
				FRAMEWORK_SEARCH_PATHS = (
					"$(inherited)",
					"$(PROJECT_DIR)/Build/ALG/Build/Products/Debug-iphonesimulator",
				);
				INFOPLIST_FILE = alg/Info.plist;
				IPHONEOS_DEPLOYMENT_TARGET = 9.3;
				LD_RUNPATH_SEARCH_PATHS = "$(inherited) @executable_path/Frameworks";
				LIBRARY_SEARCH_PATHS = (
					"$(inherited)",
					"$(PROJECT_DIR)/alg",
				);
				ONLY_ACTIVE_ARCH = YES;
				PRODUCT_BUNDLE_IDENTIFIER = com.hujiang.devart.alg.alg;
				PRODUCT_NAME = "$(TARGET_NAME)";
				PROVISIONING_PROFILE = "";
				SWIFT_OBJC_BRIDGING_HEADER = "alg/alg-bridge.h";
				VALID_ARCHS = arm64;
			};
			name = Release;
		};
/* End XCBuildConfiguration section */

/* Begin XCConfigurationList section */
		92AAF18F1CF8222700AC5F3D /* Build configuration list for PBXProject "alg" */ = {
			isa = XCConfigurationList;
			buildConfigurations = (
				92AAF1A41CF8222700AC5F3D /* Debug */,
				92AAF1A51CF8222700AC5F3D /* Release */,
			);
			defaultConfigurationIsVisible = 0;
			defaultConfigurationName = Release;
		};
		92AAF1A61CF8222700AC5F3D /* Build configuration list for PBXNativeTarget "alg" */ = {
			isa = XCConfigurationList;
			buildConfigurations = (
				92AAF1A71CF8222700AC5F3D /* Debug */,
				92AAF1A81CF8222700AC5F3D /* Release */,
			);
			defaultConfigurationIsVisible = 0;
			defaultConfigurationName = Release;
		};
/* End XCConfigurationList section */
	};
	rootObject = 92AAF18C1CF8222700AC5F3D /* Project object */;
}
